{
    "name": "mcp-perfecto-appium-converter",
    "version": "1.0.0",
    "lockfileVersion": 3,
    "requires": true,
    "packages": {
        "": {
            "name": "mcp-perfecto-appium-converter",
            "version": "1.0.0",
            "license": "MIT",
            "bin": {
                "mcp-perfecto-appium-converter": "src/cli.js"
            }
        }
    }
}
